
Microsoft Visual Studio Solution File, Format Version 12.00
Project("{FAE04EC0-301F-11D3-BF4B-00C04F79EFBC}") = "lab3", "lab3\lab3.csproj", "{B805A55B-C135-4FFA-A117-83F8C8209A6F}"
EndProject
Global
	GlobalSection(SolutionConfigurationPlatforms) = preSolution
		Debug|Any CPU = Debug|Any CPU
		Release|Any CPU = Release|Any CPU
	EndGlobalSection
	GlobalSection(ProjectConfigurationPlatforms) = postSolution
		{B805A55B-C135-4FFA-A117-83F8C8209A6F}.Debug|Any CPU.ActiveCfg = Debug|Any CPU
		{B805A55B-C135-4FFA-A117-83F8C8209A6F}.Debug|Any CPU.Build.0 = Debug|Any CPU
		{B805A55B-C135-4FFA-A117-83F8C8209A6F}.Release|Any CPU.ActiveCfg = Release|Any CPU
		{B805A55B-C135-4FFA-A117-83F8C8209A6F}.Release|Any CPU.Build.0 = Release|Any CPU
	EndGlobalSection
EndGlobal
